// !$*UTF8*$!
{
	archiveVersion = 1;
	classes = {
	};
	objectVersion = 54;
	objects = {

/* Begin PBXBuildFile section */
		0514AFD280B246FE849D1203 /* Lora-Medium.ttf in Resources */ = {isa = PBXBuildFile; fileRef = 1F2FD5522C744C0FB49EF9BE /* Lora-Medium.ttf */; };
		0F6264EFECCC48E1AC4DB68C /* Lexend-Regular.ttf in Resources */ = {isa = PBXBuildFile; fileRef = CA99DA14CC894AFAB6807E65 /* Lexend-Regular.ttf */; };
		13B07FBF1A68108700A75B9A /* Images.xcassets in Resources */ = {isa = PBXBuildFile; fileRef = 13B07FB51A68108700A75B9A /* Images.xcassets */; };
		19A3499C21CB487FACC34C08 /* Lexend-Medium.ttf in Resources */ = {isa = PBXBuildFile; fileRef = F3E5E6C36DE54FF0A0AB4FA4 /* Lexend-Medium.ttf */; };
		1A3CC8A00285427D9D83394B /* Lora-Bold.ttf in Resources */ = {isa = PBXBuildFile; fileRef = 8407802F872042B4B1E17061 /* Lora-Bold.ttf */; };
		1EAD0C3167834E3FA012806E /* Poppins-Regular.ttf in Resources */ = {isa = PBXBuildFile; fileRef = 69025D5AE32D4F0C9E300580 /* Poppins-Regular.ttf */; };
		2BBD9FD75C884CA79B676E20 /* NunitoSans-VariableFont_YTLC,opsz,wdth,wght.ttf in Resources */ = {isa = PBXBuildFile; fileRef = 79C4EAB745CB4A43B25C08B1 /* NunitoSans-VariableFont_YTLC,opsz,wdth,wght.ttf */; };
		427FC447A691C58BB6D3B3CC /* libPods-siFia.a in Frameworks */ = {isa = PBXBuildFile; fileRef = B62E77873B8CF9FD8510DFED /* libPods-siFia.a */; };
		5D3BECA3F76C47EA978B5F3D /* Poppins-Medium.ttf in Resources */ = {isa = PBXBuildFile; fileRef = 9D531852859B4AC5BDC9CCE0 /* Poppins-Medium.ttf */; };
		75BBBDB9CD3149CEA405A762 /* Lora-Regular.ttf in Resources */ = {isa = PBXBuildFile; fileRef = D044DFC269B948D8BFD99AE7 /* Lora-Regular.ttf */; };
		761780ED2CA45674006654EE /* AppDelegate.swift in Sources */ = {isa = PBXBuildFile; fileRef = 761780EC2CA45674006654EE /* AppDelegate.swift */; };
		7C64DB553D46C3EE68655733 /* PrivacyInfo.xcprivacy in Resources */ = {isa = PBXBuildFile; fileRef = 13B07FB81A68108700A75B9A /* PrivacyInfo.xcprivacy */; };
		81AB9BB82411601600AC10FF /* LaunchScreen.storyboard in Resources */ = {isa = PBXBuildFile; fileRef = 81AB9BB72411601600AC10FF /* LaunchScreen.storyboard */; };
		882BD8642E3CA88200EB01BA /* libRNSound.a in Frameworks */ = {isa = PBXBuildFile; fileRef = 882BD8632E3CA88200EB01BA /* libRNSound.a */; };
		882BD8662E3CA8FB00EB01BA /* AVFoundation.framework in Frameworks */ = {isa = PBXBuildFile; fileRef = 882BD8652E3CA8FB00EB01BA /* AVFoundation.framework */; };
		8862905A2E9F7B070002024B /* StoreKit.framework in Frameworks */ = {isa = PBXBuildFile; fileRef = 886290592E9F7B070002024B /* StoreKit.framework */; };
		88DC19622ECB8E1B0060E257 /* RCTPushNotificationBridge.m in Sources */ = {isa = PBXBuildFile; fileRef = 88DC19602ECB8E1B0060E257 /* RCTPushNotificationBridge.m */; };
		88DC19632ECB8E1B0060E257 /* RCTPushNotificationBridge.swift in Sources */ = {isa = PBXBuildFile; fileRef = 88DC19612ECB8E1B0060E257 /* RCTPushNotificationBridge.swift */; };
		9F72F288FABC4A0D87C03863 /* Lexend-Bold.ttf in Resources */ = {isa = PBXBuildFile; fileRef = FEF5C05996784F21B3BF2BB0 /* Lexend-Bold.ttf */; };
		A54B2E1C950443E1B510C6B1 /* Poppins-Bold.ttf in Resources */ = {isa = PBXBuildFile; fileRef = 4D2764BA199D4440A1D5D017 /* Poppins-Bold.ttf */; };
		AFC685DFDB184B2AA9A3469B /* Lexend-SemiBold.ttf in Resources */ = {isa = PBXBuildFile; fileRef = 43D1FCFBE4BC418F8F1B879C /* Lexend-SemiBold.ttf */; };
		ED3D520D83354468A016F1B8 /* Lora-SemiBold.ttf in Resources */ = {isa = PBXBuildFile; fileRef = 0236ACB8DAE6421C87EDBC23 /* Lora-SemiBold.ttf */; };
		FFDBD14C30E442AF93231B7C /* Poppins-SemiBold.ttf in Resources */ = {isa = PBXBuildFile; fileRef = 884EE6073AEE4AC7BB2FD40A /* Poppins-SemiBold.ttf */; };
		F64F75FDC2374FD8B050C0A7 /* GreatVibes-Regular.ttf in Resources */ = {isa = PBXBuildFile; fileRef = 5608835C08AD4377BE0FE566 /* GreatVibes-Regular.ttf */; };
		1CC5CB56316943A7A38E8663 /* DancingScript-Regular.ttf in Resources */ = {isa = PBXBuildFile; fileRef = 41BBBFAE4F8542B4BA2367E9 /* DancingScript-Regular.ttf */; };
		1E6A7623AF6A40AF892E71B3 /* Allura-Regular.ttf in Resources */ = {isa = PBXBuildFile; fileRef = BBABE04A412440D3BC974702 /* Allura-Regular.ttf */; };
		F54AE62EBA9E4307958CDFDB /* AlexBrush-Regular.ttf in Resources */ = {isa = PBXBuildFile; fileRef = A541C99736F94480818FEB74 /* AlexBrush-Regular.ttf */; };
/* End PBXBuildFile section */

/* Begin PBXFileReference section */
		0236ACB8DAE6421C87EDBC23 /* Lora-SemiBold.ttf */ = {isa = PBXFileReference; explicitFileType = undefined; fileEncoding = 9; includeInIndex = 0; lastKnownFileType = unknown; name = "Lora-SemiBold.ttf"; path = "../assets/fonts/Lora/Lora-SemiBold.ttf"; sourceTree = "<group>"; };
		0441782331E056BEC1A9B44B /* Pods-siFia.release.xcconfig */ = {isa = PBXFileReference; includeInIndex = 1; lastKnownFileType = text.xcconfig; name = "Pods-siFia.release.xcconfig"; path = "Target Support Files/Pods-siFia/Pods-siFia.release.xcconfig"; sourceTree = "<group>"; };
		13B07F961A680F5B00A75B9A /* siFia.app */ = {isa = PBXFileReference; explicitFileType = wrapper.application; includeInIndex = 0; path = siFia.app; sourceTree = BUILT_PRODUCTS_DIR; };
		13B07FB51A68108700A75B9A /* Images.xcassets */ = {isa = PBXFileReference; lastKnownFileType = folder.assetcatalog; name = Images.xcassets; path = siFia/Images.xcassets; sourceTree = "<group>"; };
		13B07FB61A68108700A75B9A /* Info.plist */ = {isa = PBXFileReference; fileEncoding = 4; lastKnownFileType = text.plist.xml; name = Info.plist; path = siFia/Info.plist; sourceTree = "<group>"; };
		13B07FB81A68108700A75B9A /* PrivacyInfo.xcprivacy */ = {isa = PBXFileReference; fileEncoding = 4; lastKnownFileType = text.plist.xml; name = PrivacyInfo.xcprivacy; path = siFia/PrivacyInfo.xcprivacy; sourceTree = "<group>"; };
		1F2FD5522C744C0FB49EF9BE /* Lora-Medium.ttf */ = {isa = PBXFileReference; explicitFileType = undefined; fileEncoding = 9; includeInIndex = 0; lastKnownFileType = unknown; name = "Lora-Medium.ttf"; path = "../assets/fonts/Lora/Lora-Medium.ttf"; sourceTree = "<group>"; };
		43D1FCFBE4BC418F8F1B879C /* Lexend-SemiBold.ttf */ = {isa = PBXFileReference; explicitFileType = undefined; fileEncoding = 9; includeInIndex = 0; lastKnownFileType = unknown; name = "Lexend-SemiBold.ttf"; path = "../assets/fonts/Lexend/Lexend-SemiBold.ttf"; sourceTree = "<group>"; };
		4D2764BA199D4440A1D5D017 /* Poppins-Bold.ttf */ = {isa = PBXFileReference; explicitFileType = undefined; fileEncoding = 9; includeInIndex = 0; lastKnownFileType = unknown; name = "Poppins-Bold.ttf"; path = "../assets/fonts/Poppins/Poppins-Bold.ttf"; sourceTree = "<group>"; };
		69025D5AE32D4F0C9E300580 /* Poppins-Regular.ttf */ = {isa = PBXFileReference; explicitFileType = undefined; fileEncoding = 9; includeInIndex = 0; lastKnownFileType = unknown; name = "Poppins-Regular.ttf"; path = "../assets/fonts/Poppins/Poppins-Regular.ttf"; sourceTree = "<group>"; };
		761780EC2CA45674006654EE /* AppDelegate.swift */ = {isa = PBXFileReference; lastKnownFileType = sourcecode.swift; name = AppDelegate.swift; path = siFia/AppDelegate.swift; sourceTree = "<group>"; };
		79C4EAB745CB4A43B25C08B1 /* NunitoSans-VariableFont_YTLC,opsz,wdth,wght.ttf */ = {isa = PBXFileReference; explicitFileType = undefined; fileEncoding = 9; includeInIndex = 0; lastKnownFileType = unknown; name = "NunitoSans-VariableFont_YTLC,opsz,wdth,wght.ttf"; path = "../assets/fonts/NunitoSans/NunitoSans-VariableFont_YTLC,opsz,wdth,wght.ttf"; sourceTree = "<group>"; };
		81AB9BB72411601600AC10FF /* LaunchScreen.storyboard */ = {isa = PBXFileReference; fileEncoding = 4; lastKnownFileType = file.storyboard; name = LaunchScreen.storyboard; path = siFia/LaunchScreen.storyboard; sourceTree = "<group>"; };
		8407802F872042B4B1E17061 /* Lora-Bold.ttf */ = {isa = PBXFileReference; explicitFileType = undefined; fileEncoding = 9; includeInIndex = 0; lastKnownFileType = unknown; name = "Lora-Bold.ttf"; path = "../assets/fonts/Lora/Lora-Bold.ttf"; sourceTree = "<group>"; };
		881ACC642E681F9400D4F304 /* siFia.entitlements */ = {isa = PBXFileReference; lastKnownFileType = text.plist.entitlements; name = siFia.entitlements; path = siFia/siFia.entitlements; sourceTree = "<group>"; };
		882BD8632E3CA88200EB01BA /* libRNSound.a */ = {isa = PBXFileReference; explicitFileType = archive.ar; path = libRNSound.a; sourceTree = BUILT_PRODUCTS_DIR; };
		882BD8652E3CA8FB00EB01BA /* AVFoundation.framework */ = {isa = PBXFileReference; lastKnownFileType = wrapper.framework; name = AVFoundation.framework; path = System/Library/Frameworks/AVFoundation.framework; sourceTree = SDKROOT; };
		884EE6073AEE4AC7BB2FD40A /* Poppins-SemiBold.ttf */ = {isa = PBXFileReference; explicitFileType = undefined; fileEncoding = 9; includeInIndex = 0; lastKnownFileType = unknown; name = "Poppins-SemiBold.ttf"; path = "../assets/fonts/Poppins/Poppins-SemiBold.ttf"; sourceTree = "<group>"; };
		886290592E9F7B070002024B /* StoreKit.framework */ = {isa = PBXFileReference; lastKnownFileType = wrapper.framework; name = StoreKit.framework; path = System/Library/Frameworks/StoreKit.framework; sourceTree = SDKROOT; };
		88DC195F2ECB85910060E257 /* siFiaRelease.entitlements */ = {isa = PBXFileReference; lastKnownFileType = text.plist.entitlements; name = siFiaRelease.entitlements; path = siFia/siFiaRelease.entitlements; sourceTree = "<group>"; };
		88DC19602ECB8E1B0060E257 /* RCTPushNotificationBridge.m */ = {isa = PBXFileReference; lastKnownFileType = sourcecode.c.objc; path = RCTPushNotificationBridge.m; sourceTree = "<group>"; };
		88DC19612ECB8E1B0060E257 /* RCTPushNotificationBridge.swift */ = {isa = PBXFileReference; lastKnownFileType = sourcecode.swift; path = RCTPushNotificationBridge.swift; sourceTree = "<group>"; };
		88DC19642ECB8E240060E257 /* siFia-Bridging-Header.h */ = {isa = PBXFileReference; lastKnownFileType = sourcecode.c.h; path = "siFia-Bridging-Header.h"; sourceTree = "<group>"; };
		9D531852859B4AC5BDC9CCE0 /* Poppins-Medium.ttf */ = {isa = PBXFileReference; explicitFileType = undefined; fileEncoding = 9; includeInIndex = 0; lastKnownFileType = unknown; name = "Poppins-Medium.ttf"; path = "../assets/fonts/Poppins/Poppins-Medium.ttf"; sourceTree = "<group>"; };
		B62E77873B8CF9FD8510DFED /* libPods-siFia.a */ = {isa = PBXFileReference; explicitFileType = archive.ar; includeInIndex = 0; path = "libPods-siFia.a"; sourceTree = BUILT_PRODUCTS_DIR; };
		C25CAFB41141C4BF044BE084 /* Pods-siFia.debug.xcconfig */ = {isa = PBXFileReference; includeInIndex = 1; lastKnownFileType = text.xcconfig; name = "Pods-siFia.debug.xcconfig"; path = "Target Support Files/Pods-siFia/Pods-siFia.debug.xcconfig"; sourceTree = "<group>"; };
		CA99DA14CC894AFAB6807E65 /* Lexend-Regular.ttf */ = {isa = PBXFileReference; explicitFileType = undefined; fileEncoding = 9; includeInIndex = 0; lastKnownFileType = unknown; name = "Lexend-Regular.ttf"; path = "../assets/fonts/Lexend/Lexend-Regular.ttf"; sourceTree = "<group>"; };
		D044DFC269B948D8BFD99AE7 /* Lora-Regular.ttf */ = {isa = PBXFileReference; explicitFileType = undefined; fileEncoding = 9; includeInIndex = 0; lastKnownFileType = unknown; name = "Lora-Regular.ttf"; path = "../assets/fonts/Lora/Lora-Regular.ttf"; sourceTree = "<group>"; };
		ED297162215061F000B7C4FE /* JavaScriptCore.framework */ = {isa = PBXFileReference; lastKnownFileType = wrapper.framework; name = JavaScriptCore.framework; path = System/Library/Frameworks/JavaScriptCore.framework; sourceTree = SDKROOT; };
		F3E5E6C36DE54FF0A0AB4FA4 /* Lexend-Medium.ttf */ = {isa = PBXFileReference; explicitFileType = undefined; fileEncoding = 9; includeInIndex = 0; lastKnownFileType = unknown; name = "Lexend-Medium.ttf"; path = "../assets/fonts/Lexend/Lexend-Medium.ttf"; sourceTree = "<group>"; };
		FEF5C05996784F21B3BF2BB0 /* Lexend-Bold.ttf */ = {isa = PBXFileReference; explicitFileType = undefined; fileEncoding = 9; includeInIndex = 0; lastKnownFileType = unknown; name = "Lexend-Bold.ttf"; path = "../assets/fonts/Lexend/Lexend-Bold.ttf"; sourceTree = "<group>"; };
		5608835C08AD4377BE0FE566 /* GreatVibes-Regular.ttf */ = {isa = PBXFileReference; name = "GreatVibes-Regular.ttf"; path = "../assets/fonts/GreatVibes/GreatVibes-Regular.ttf"; sourceTree = "<group>"; fileEncoding = undefined; lastKnownFileType = unknown; explicitFileType = undefined; includeInIndex = 0; };
		41BBBFAE4F8542B4BA2367E9 /* DancingScript-Regular.ttf */ = {isa = PBXFileReference; name = "DancingScript-Regular.ttf"; path = "../assets/fonts/DancingScript/DancingScript-Regular.ttf"; sourceTree = "<group>"; fileEncoding = undefined; lastKnownFileType = unknown; explicitFileType = undefined; includeInIndex = 0; };
		BBABE04A412440D3BC974702 /* Allura-Regular.ttf */ = {isa = PBXFileReference; name = "Allura-Regular.ttf"; path = "../assets/fonts/Allura/Allura-Regular.ttf"; sourceTree = "<group>"; fileEncoding = undefined; lastKnownFileType = unknown; explicitFileType = undefined; includeInIndex = 0; };
		A541C99736F94480818FEB74 /* AlexBrush-Regular.ttf */ = {isa = PBXFileReference; name = "AlexBrush-Regular.ttf"; path = "../assets/fonts/AlexBrush/AlexBrush-Regular.ttf"; sourceTree = "<group>"; fileEncoding = undefined; lastKnownFileType = unknown; explicitFileType = undefined; includeInIndex = 0; };
/* End PBXFileReference section */

/* Begin PBXFrameworksBuildPhase section */
		13B07F8C1A680F5B00A75B9A /* Frameworks */ = {
			isa = PBXFrameworksBuildPhase;
			buildActionMask = 2147483647;
			files = (
				882BD8662E3CA8FB00EB01BA /* AVFoundation.framework in Frameworks */,
				882BD8642E3CA88200EB01BA /* libRNSound.a in Frameworks */,
				8862905A2E9F7B070002024B /* StoreKit.framework in Frameworks */,
				427FC447A691C58BB6D3B3CC /* libPods-siFia.a in Frameworks */,
			);
			runOnlyForDeploymentPostprocessing = 0;
		};
/* End PBXFrameworksBuildPhase section */

/* Begin PBXGroup section */
		13B07FAE1A68108700A75B9A /* siFia */ = {
			isa = PBXGroup;
			children = (
				88DC195F2ECB85910060E257 /* siFiaRelease.entitlements */,
				881ACC642E681F9400D4F304 /* siFia.entitlements */,
				13B07FB51A68108700A75B9A /* Images.xcassets */,
				761780EC2CA45674006654EE /* AppDelegate.swift */,
				13B07FB61A68108700A75B9A /* Info.plist */,
				81AB9BB72411601600AC10FF /* LaunchScreen.storyboard */,
				13B07FB81A68108700A75B9A /* PrivacyInfo.xcprivacy */,
			);
			name = siFia;
			sourceTree = "<group>";
		};
		2D16E6871FA4F8E400B85C8A /* Frameworks */ = {
			isa = PBXGroup;
			children = (
				886290592E9F7B070002024B /* StoreKit.framework */,
				882BD8652E3CA8FB00EB01BA /* AVFoundation.framework */,
				882BD8632E3CA88200EB01BA /* libRNSound.a */,
				ED297162215061F000B7C4FE /* JavaScriptCore.framework */,
				B62E77873B8CF9FD8510DFED /* libPods-siFia.a */,
			);
			name = Frameworks;
			sourceTree = "<group>";
		};
		832341AE1AAA6A7D00B99B32 /* Libraries */ = {
			isa = PBXGroup;
			children = (
			);
			name = Libraries;
			sourceTree = "<group>";
		};
		83CBB9F61A601CBA00E9B192 = {
			isa = PBXGroup;
			children = (
				88DC19602ECB8E1B0060E257 /* RCTPushNotificationBridge.m */,
				88DC19612ECB8E1B0060E257 /* RCTPushNotificationBridge.swift */,
				13B07FAE1A68108700A75B9A /* siFia */,
				832341AE1AAA6A7D00B99B32 /* Libraries */,
				83CBBA001A601CBA00E9B192 /* Products */,
				2D16E6871FA4F8E400B85C8A /* Frameworks */,
				BBD78D7AC51CEA395F1C20DB /* Pods */,
				C21561F1421E4590872FA4C2 /* Resources */,
				88DC19642ECB8E240060E257 /* siFia-Bridging-Header.h */,
			);
			indentWidth = 2;
			sourceTree = "<group>";
			tabWidth = 2;
			usesTabs = 0;
		};
		83CBBA001A601CBA00E9B192 /* Products */ = {
			isa = PBXGroup;
			children = (
				13B07F961A680F5B00A75B9A /* siFia.app */,
			);
			name = Products;
			sourceTree = "<group>";
		};
		BBD78D7AC51CEA395F1C20DB /* Pods */ = {
			isa = PBXGroup;
			children = (
				C25CAFB41141C4BF044BE084 /* Pods-siFia.debug.xcconfig */,
				0441782331E056BEC1A9B44B /* Pods-siFia.release.xcconfig */,
			);
			path = Pods;
			sourceTree = "<group>";
		};
		C21561F1421E4590872FA4C2 /* Resources */ = {
			isa = PBXGroup;
			children = (
				FEF5C05996784F21B3BF2BB0 /* Lexend-Bold.ttf */,
				F3E5E6C36DE54FF0A0AB4FA4 /* Lexend-Medium.ttf */,
				CA99DA14CC894AFAB6807E65 /* Lexend-Regular.ttf */,
				43D1FCFBE4BC418F8F1B879C /* Lexend-SemiBold.ttf */,
				8407802F872042B4B1E17061 /* Lora-Bold.ttf */,
				1F2FD5522C744C0FB49EF9BE /* Lora-Medium.ttf */,
				D044DFC269B948D8BFD99AE7 /* Lora-Regular.ttf */,
				0236ACB8DAE6421C87EDBC23 /* Lora-SemiBold.ttf */,
				79C4EAB745CB4A43B25C08B1 /* NunitoSans-VariableFont_YTLC,opsz,wdth,wght.ttf */,
				4D2764BA199D4440A1D5D017 /* Poppins-Bold.ttf */,
				9D531852859B4AC5BDC9CCE0 /* Poppins-Medium.ttf */,
				69025D5AE32D4F0C9E300580 /* Poppins-Regular.ttf */,
				884EE6073AEE4AC7BB2FD40A /* Poppins-SemiBold.ttf */,
				5608835C08AD4377BE0FE566 /* GreatVibes-Regular.ttf */,
				41BBBFAE4F8542B4BA2367E9 /* DancingScript-Regular.ttf */,
				BBABE04A412440D3BC974702 /* Allura-Regular.ttf */,
				A541C99736F94480818FEB74 /* AlexBrush-Regular.ttf */,
			);
			name = Resources;
			sourceTree = "<group>";
		};
/* End PBXGroup section */

/* Begin PBXNativeTarget section */
		13B07F861A680F5B00A75B9A /* siFia */ = {
			isa = PBXNativeTarget;
			buildConfigurationList = 13B07F931A680F5B00A75B9A /* Build configuration list for PBXNativeTarget "siFia" */;
			buildPhases = (
				22D36316BC96B1D413B5F9BE /* [CP] Check Pods Manifest.lock */,
				13B07F871A680F5B00A75B9A /* Sources */,
				8828B8E02EAC869B0014CF20 /* Copy Hermes dSYM */,
				13B07F8C1A680F5B00A75B9A /* Frameworks */,
				13B07F8E1A680F5B00A75B9A /* Resources */,
				00DD1BFF1BD5951E006B06BC /* Bundle React Native code and images */,
				EE329FF5E3181BAEC8936C42 /* Handle Hermes dSYM */,
				21C24F889429CEF8037C4D3D /* [CP] Embed Pods Frameworks */,
				756C633AFBD26348DFCDDF80 /* [CP] Copy Pods Resources */,
				C073E68888B54DBFA397A60A /* Upload Debug Symbols to Sentry */,
			);
			buildRules = (
			);
			dependencies = (
			);
			name = siFia;
			productName = siFia;
			productReference = 13B07F961A680F5B00A75B9A /* siFia.app */;
			productType = "com.apple.product-type.application";
		};
/* End PBXNativeTarget section */

/* Begin PBXProject section */
		83CBB9F71A601CBA00E9B192 /* Project object */ = {
			isa = PBXProject;
			attributes = {
				LastUpgradeCheck = 1210;
				TargetAttributes = {
					13B07F861A680F5B00A75B9A = {
						LastSwiftMigration = 2610;
					};
				};
			};
			buildConfigurationList = 83CBB9FA1A601CBA00E9B192 /* Build configuration list for PBXProject "siFia" */;
			compatibilityVersion = "Xcode 12.0";
			developmentRegion = en;
			hasScannedForEncodings = 0;
			knownRegions = (
				en,
				Base,
			);
			mainGroup = 83CBB9F61A601CBA00E9B192;
			productRefGroup = 83CBBA001A601CBA00E9B192 /* Products */;
			projectDirPath = "";
			projectRoot = "";
			targets = (
				13B07F861A680F5B00A75B9A /* siFia */,
			);
		};
/* End PBXProject section */

/* Begin PBXResourcesBuildPhase section */
		13B07F8E1A680F5B00A75B9A /* Resources */ = {
			isa = PBXResourcesBuildPhase;
			buildActionMask = 2147483647;
			files = (
				81AB9BB82411601600AC10FF /* LaunchScreen.storyboard in Resources */,
				13B07FBF1A68108700A75B9A /* Images.xcassets in Resources */,
				7C64DB553D46C3EE68655733 /* PrivacyInfo.xcprivacy in Resources */,
				9F72F288FABC4A0D87C03863 /* Lexend-Bold.ttf in Resources */,
				19A3499C21CB487FACC34C08 /* Lexend-Medium.ttf in Resources */,
				0F6264EFECCC48E1AC4DB68C /* Lexend-Regular.ttf in Resources */,
				AFC685DFDB184B2AA9A3469B /* Lexend-SemiBold.ttf in Resources */,
				1A3CC8A00285427D9D83394B /* Lora-Bold.ttf in Resources */,
				0514AFD280B246FE849D1203 /* Lora-Medium.ttf in Resources */,
				75BBBDB9CD3149CEA405A762 /* Lora-Regular.ttf in Resources */,
				ED3D520D83354468A016F1B8 /* Lora-SemiBold.ttf in Resources */,
				2BBD9FD75C884CA79B676E20 /* NunitoSans-VariableFont_YTLC,opsz,wdth,wght.ttf in Resources */,
				A54B2E1C950443E1B510C6B1 /* Poppins-Bold.ttf in Resources */,
				5D3BECA3F76C47EA978B5F3D /* Poppins-Medium.ttf in Resources */,
				1EAD0C3167834E3FA012806E /* Poppins-Regular.ttf in Resources */,
				FFDBD14C30E442AF93231B7C /* Poppins-SemiBold.ttf in Resources */,
				F64F75FDC2374FD8B050C0A7 /* GreatVibes-Regular.ttf in Resources */,
				1CC5CB56316943A7A38E8663 /* DancingScript-Regular.ttf in Resources */,
				1E6A7623AF6A40AF892E71B3 /* Allura-Regular.ttf in Resources */,
				F54AE62EBA9E4307958CDFDB /* AlexBrush-Regular.ttf in Resources */,
			);
			runOnlyForDeploymentPostprocessing = 0;
		};
/* End PBXResourcesBuildPhase section */

/* Begin PBXShellScriptBuildPhase section */
		00DD1BFF1BD5951E006B06BC /* Bundle React Native code and images */ = {
			isa = PBXShellScriptBuildPhase;
			buildActionMask = 2147483647;
			files = (
			);
			inputPaths = (
				"$(SRCROOT)/.xcode.env.local",
				"$(SRCROOT)/.xcode.env",
			);
			name = "Bundle React Native code and images";
			outputPaths = (
			);
			runOnlyForDeploymentPostprocessing = 0;
			shellPath = /bin/sh;
			shellScript = "set -e\n\nWITH_ENVIRONMENT=\"$REACT_NATIVE_PATH/scripts/xcode/with-environment.sh\"\nSENTRY_XCODE=\"$REACT_NATIVE_PATH/../@sentry/react-native/scripts/sentry-xcode.sh\"\n\n/bin/sh -c \"$WITH_ENVIRONMENT $SENTRY_XCODE\"\n";
		};
		21C24F889429CEF8037C4D3D /* [CP] Embed Pods Frameworks */ = {
			isa = PBXShellScriptBuildPhase;
			buildActionMask = 2147483647;
			files = (
			);
			inputFileListPaths = (
				"${PODS_ROOT}/Target Support Files/Pods-siFia/Pods-siFia-frameworks-${CONFIGURATION}-input-files.xcfilelist",
			);
			inputPaths = (
			);
			name = "[CP] Embed Pods Frameworks";
			outputFileListPaths = (
				"${PODS_ROOT}/Target Support Files/Pods-siFia/Pods-siFia-frameworks-${CONFIGURATION}-output-files.xcfilelist",
			);
			outputPaths = (
			);
			runOnlyForDeploymentPostprocessing = 0;
			shellPath = /bin/sh;
			shellScript = "\"${PODS_ROOT}/Target Support Files/Pods-siFia/Pods-siFia-frameworks.sh\"\n";
			showEnvVarsInLog = 0;
		};
		22D36316BC96B1D413B5F9BE /* [CP] Check Pods Manifest.lock */ = {
			isa = PBXShellScriptBuildPhase;
			buildActionMask = 2147483647;
			files = (
			);
			inputFileListPaths = (
			);
			inputPaths = (
				"${PODS_PODFILE_DIR_PATH}/Podfile.lock",
				"${PODS_ROOT}/Manifest.lock",
			);
			name = "[CP] Check Pods Manifest.lock";
			outputFileListPaths = (
			);
			outputPaths = (
				"$(DERIVED_FILE_DIR)/Pods-siFia-checkManifestLockResult.txt",
			);
			runOnlyForDeploymentPostprocessing = 0;
			shellPath = /bin/sh;
			shellScript = "diff \"${PODS_PODFILE_DIR_PATH}/Podfile.lock\" \"${PODS_ROOT}/Manifest.lock\" > /dev/null\nif [ $? != 0 ] ; then\n    # print error to STDERR\n    echo \"error: The sandbox is not in sync with the Podfile.lock. Run 'pod install' or update your CocoaPods installation.\" >&2\n    exit 1\nfi\n# This output is used by Xcode 'outputs' to avoid re-running this script phase.\necho \"SUCCESS\" > \"${SCRIPT_OUTPUT_FILE_0}\"\n";
			showEnvVarsInLog = 0;
		};
		756C633AFBD26348DFCDDF80 /* [CP] Copy Pods Resources */ = {
			isa = PBXShellScriptBuildPhase;
			buildActionMask = 2147483647;
			files = (
			);
			inputFileListPaths = (
				"${PODS_ROOT}/Target Support Files/Pods-siFia/Pods-siFia-resources-${CONFIGURATION}-input-files.xcfilelist",
			);
			inputPaths = (
			);
			name = "[CP] Copy Pods Resources";
			outputFileListPaths = (
				"${PODS_ROOT}/Target Support Files/Pods-siFia/Pods-siFia-resources-${CONFIGURATION}-output-files.xcfilelist",
			);
			outputPaths = (
			);
			runOnlyForDeploymentPostprocessing = 0;
			shellPath = /bin/sh;
			shellScript = "\"${PODS_ROOT}/Target Support Files/Pods-siFia/Pods-siFia-resources.sh\"\n";
			showEnvVarsInLog = 0;
		};
		8828B8E02EAC869B0014CF20 /* Copy Hermes dSYM */ = {
			isa = PBXShellScriptBuildPhase;
			buildActionMask = 2;
			files = (
			);
			inputFileListPaths = (
			);
			inputPaths = (
			);
			name = "Copy Hermes dSYM";
			outputFileListPaths = (
			);
			outputPaths = (
			);
			runOnlyForDeploymentPostprocessing = 0;
			shellPath = /bin/sh;
			shellScript = "# Copy Hermes dSYM to archive for App Store submission\nif [ -d \"${PROJECT_DIR}/dSYMs/hermes.framework.dSYM\" ]; then\n    echo \"📦 Copying Hermes dSYM to archive...\"\n    mkdir -p \"${DWARF_DSYM_FOLDER_PATH}\"\n    cp -R \"${PROJECT_DIR}/dSYMs/hermes.framework.dSYM\" \"${DWARF_DSYM_FOLDER_PATH}/\"\n    echo \"✅ Hermes dSYM copied successfully\"\n    \n    # Verify the copy\n    if [ -d \"${DWARF_DSYM_FOLDER_PATH}/hermes.framework.dSYM\" ]; then\n        echo \"✅ Hermes dSYM verified in archive\"\n    else\n        echo \"❌ Hermes dSYM copy failed\"\n        exit 1\n    fi\nelse\n    echo \"⚠️  Hermes dSYM not found at ${PROJECT_DIR}/dSYMs/hermes.framework.dSYM\"\n    echo \"💡 Make sure the dSYM file exists in the dSYMs folder\"\nfi\n";
		};
		C073E68888B54DBFA397A60A /* Upload Debug Symbols to Sentry */ = {
			isa = PBXShellScriptBuildPhase;
			buildActionMask = 2147483647;
			files = (
			);
			inputPaths = (
			);
			name = "Upload Debug Symbols to Sentry";
			outputPaths = (
			);
			runOnlyForDeploymentPostprocessing = 0;
			shellPath = /bin/sh;
			shellScript = "/bin/sh ../node_modules/@sentry/react-native/scripts/sentry-xcode-debug-files.sh";
		};
		EE329FF5E3181BAEC8936C42 /* Handle Hermes dSYM */ = {
			isa = PBXShellScriptBuildPhase;
			buildActionMask = 2;
			files = (
			);
			inputFileListPaths = (
			);
			inputPaths = (
			);
			name = "Handle Hermes dSYM";
			outputFileListPaths = (
			);
			outputPaths = (
			);
			runOnlyForDeploymentPostprocessing = 1;
			shellPath = /bin/sh;
			shellScript = "\"${PROJECT_DIR}/handle-hermes-dsym.sh\"\n";
		};
/* End PBXShellScriptBuildPhase section */

/* Begin PBXSourcesBuildPhase section */
		13B07F871A680F5B00A75B9A /* Sources */ = {
			isa = PBXSourcesBuildPhase;
			buildActionMask = 2147483647;
			files = (
				88DC19622ECB8E1B0060E257 /* RCTPushNotificationBridge.m in Sources */,
				88DC19632ECB8E1B0060E257 /* RCTPushNotificationBridge.swift in Sources */,
				761780ED2CA45674006654EE /* AppDelegate.swift in Sources */,
			);
			runOnlyForDeploymentPostprocessing = 0;
		};
/* End PBXSourcesBuildPhase section */

/* Begin XCBuildConfiguration section */
		13B07F941A680F5B00A75B9A /* Debug */ = {
			isa = XCBuildConfiguration;
			baseConfigurationReference = C25CAFB41141C4BF044BE084 /* Pods-siFia.debug.xcconfig */;
			buildSettings = {
				ASSETCATALOG_COMPILER_APPICON_NAME = AppIcon;
				ASSETCATALOG_COMPILER_INCLUDE_ALL_APPICON_ASSETS = YES;
				CLANG_ALLOW_NON_MODULAR_INCLUDES_IN_FRAMEWORK_MODULES = YES;
				CLANG_CXX_LANGUAGE_STANDARD = "$(inherited)";
				CLANG_ENABLE_MODULES = YES;
				CODE_SIGN_ENTITLEMENTS = siFia/siFia.entitlements;
				CODE_SIGN_STYLE = Automatic;
				CURRENT_PROJECT_VERSION = 1;
				DEVELOPMENT_TEAM = L2AT73KSY8;
				ENABLE_BITCODE = NO;
				GENERATE_INFOPLIST_FILE = NO;
				INFOPLIST_FILE = siFia/Info.plist;
				INFOPLIST_KEY_CFBundleDisplayName = siFia;
				INFOPLIST_KEY_LSApplicationCategoryType = "public.app-category.reference";
				IPHONEOS_DEPLOYMENT_TARGET = 15.1;
				LD_RUNPATH_SEARCH_PATHS = (
					"$(inherited)",
					"@executable_path/Frameworks",
				);
				MARKETING_VERSION = 1.4.6;
				OTHER_LDFLAGS = (
					"$(inherited)",
					"-ObjC",
					"-lc++",
				);
				PRODUCT_BUNDLE_IDENTIFIER = app.sifia.com;
				PRODUCT_NAME = siFia;
				PROVISIONING_PROFILE_SPECIFIER = "";
				STRIP_INSTALLED_PRODUCT = NO;
				SUPPORTED_PLATFORMS = "iphoneos iphonesimulator";
				SUPPORTS_MACCATALYST = NO;
				SWIFT_OBJC_BRIDGING_HEADER = "siFia-Bridging-Header.h";
				SWIFT_OPTIMIZATION_LEVEL = "-Onone";
				SWIFT_VERSION = 5.0;
				TARGETED_DEVICE_FAMILY = "1,2";
				VERSIONING_SYSTEM = "apple-generic";
			};
			name = Debug;
		};
		13B07F951A680F5B00A75B9A /* Release */ = {
			isa = XCBuildConfiguration;
			baseConfigurationReference = 0441782331E056BEC1A9B44B /* Pods-siFia.release.xcconfig */;
			buildSettings = {
				ASSETCATALOG_COMPILER_APPICON_NAME = AppIcon;
				ASSETCATALOG_COMPILER_INCLUDE_ALL_APPICON_ASSETS = YES;
				CLANG_ALLOW_NON_MODULAR_INCLUDES_IN_FRAMEWORK_MODULES = YES;
				CLANG_CXX_LANGUAGE_STANDARD = "$(inherited)";
				CLANG_ENABLE_MODULES = YES;
				CODE_SIGN_ENTITLEMENTS = siFia/siFiaRelease.entitlements;
				CODE_SIGN_STYLE = Automatic;
				CURRENT_PROJECT_VERSION = 1;
				DEBUG_INFORMATION_FORMAT = "dwarf-with-dsym";
				DEVELOPMENT_TEAM = L2AT73KSY8;
				GENERATE_INFOPLIST_FILE = NO;
				INFOPLIST_FILE = siFia/Info.plist;
				INFOPLIST_KEY_CFBundleDisplayName = siFia;
				INFOPLIST_KEY_LSApplicationCategoryType = "public.app-category.reference";
				IPHONEOS_DEPLOYMENT_TARGET = 15.1;
				LD_RUNPATH_SEARCH_PATHS = (
					"$(inherited)",
					"@executable_path/Frameworks",
				);
				MARKETING_VERSION = 1.4.6;
				OTHER_LDFLAGS = (
					"$(inherited)",
					"-ObjC",
					"-lc++",
				);
				PRODUCT_BUNDLE_IDENTIFIER = app.sifia.com;
				PRODUCT_NAME = siFia;
				PROVISIONING_PROFILE_SPECIFIER = "";
				STRIP_INSTALLED_PRODUCT = NO;
				SUPPORTED_PLATFORMS = "iphoneos iphonesimulator";
				SUPPORTS_MACCATALYST = NO;
				SWIFT_OBJC_BRIDGING_HEADER = "siFia-Bridging-Header.h";
				SWIFT_VERSION = 5.0;
				TARGETED_DEVICE_FAMILY = "1,2";
				VERSIONING_SYSTEM = "apple-generic";
			};
			name = Release;
		};
		83CBBA201A601CBA00E9B192 /* Debug */ = {
			isa = XCBuildConfiguration;
			buildSettings = {
				ALWAYS_SEARCH_USER_PATHS = NO;
				CLANG_ANALYZER_LOCALIZABILITY_NONLOCALIZED = YES;
				CLANG_CXX_LANGUAGE_STANDARD = "c++20";
				CLANG_CXX_LIBRARY = "libc++";
				CLANG_ENABLE_MODULES = YES;
				CLANG_ENABLE_OBJC_ARC = YES;
				CLANG_WARN_BLOCK_CAPTURE_AUTORELEASING = YES;
				CLANG_WARN_BOOL_CONVERSION = YES;
				CLANG_WARN_COMMA = YES;
				CLANG_WARN_CONSTANT_CONVERSION = YES;
				CLANG_WARN_DEPRECATED_OBJC_IMPLEMENTATIONS = YES;
				CLANG_WARN_DIRECT_OBJC_ISA_USAGE = YES_ERROR;
				CLANG_WARN_EMPTY_BODY = YES;
				CLANG_WARN_ENUM_CONVERSION = YES;
				CLANG_WARN_INFINITE_RECURSION = YES;
				CLANG_WARN_INT_CONVERSION = YES;
				CLANG_WARN_NON_LITERAL_NULL_CONVERSION = YES;
				CLANG_WARN_OBJC_IMPLICIT_RETAIN_SELF = YES;
				CLANG_WARN_OBJC_LITERAL_CONVERSION = YES;
				CLANG_WARN_OBJC_ROOT_CLASS = YES_ERROR;
				CLANG_WARN_QUOTED_INCLUDE_IN_FRAMEWORK_HEADER = YES;
				CLANG_WARN_RANGE_LOOP_ANALYSIS = YES;
				CLANG_WARN_STRICT_PROTOTYPES = YES;
				CLANG_WARN_SUSPICIOUS_MOVE = YES;
				CLANG_WARN_UNREACHABLE_CODE = YES;
				CLANG_WARN__DUPLICATE_METHOD_MATCH = YES;
				"CODE_SIGN_IDENTITY[sdk=iphoneos*]" = "iPhone Developer";
				COPY_PHASE_STRIP = NO;
				DEBUG_INFORMATION_FORMAT = "dwarf-with-dsym";
				ENABLE_STRICT_OBJC_MSGSEND = YES;
				ENABLE_TESTABILITY = YES;
				"EXCLUDED_ARCHS[sdk=iphonesimulator*]" = "";
				GCC_C_LANGUAGE_STANDARD = gnu99;
				GCC_DYNAMIC_NO_PIC = NO;
				GCC_NO_COMMON_BLOCKS = YES;
				GCC_OPTIMIZATION_LEVEL = 0;
				GCC_PREPROCESSOR_DEFINITIONS = (
					"DEBUG=1",
					"$(inherited)",
				);
				GCC_SYMBOLS_PRIVATE_EXTERN = NO;
				GCC_WARN_64_TO_32_BIT_CONVERSION = YES;
				GCC_WARN_ABOUT_RETURN_TYPE = YES_ERROR;
				GCC_WARN_UNDECLARED_SELECTOR = YES;
				GCC_WARN_UNINITIALIZED_AUTOS = YES_AGGRESSIVE;
				GCC_WARN_UNUSED_FUNCTION = YES;
				GCC_WARN_UNUSED_VARIABLE = YES;
				IPHONEOS_DEPLOYMENT_TARGET = 15.1;
				LD_RUNPATH_SEARCH_PATHS = (
					/usr/lib/swift,
					"$(inherited)",
				);
				LIBRARY_SEARCH_PATHS = (
					"\"$(SDKROOT)/usr/lib/swift\"",
					"\"$(TOOLCHAIN_DIR)/usr/lib/swift/$(PLATFORM_NAME)\"",
					"\"$(inherited)\"",
				);
				MTL_ENABLE_DEBUG_INFO = YES;
				ONLY_ACTIVE_ARCH = YES;
				OTHER_CPLUSPLUSFLAGS = (
					"$(OTHER_CFLAGS)",
					"-DFOLLY_NO_CONFIG",
					"-DFOLLY_MOBILE=1",
					"-DFOLLY_USE_LIBCPP=1",
					"-DFOLLY_CFG_NO_COROUTINES=1",
					"-DFOLLY_HAVE_CLOCK_GETTIME=1",
				);
				OTHER_LDFLAGS = "$(inherited)  ";
				REACT_NATIVE_PATH = "${PODS_ROOT}/../../node_modules/react-native";
				SDKROOT = iphoneos;
				SWIFT_ACTIVE_COMPILATION_CONDITIONS = "$(inherited) DEBUG";
				USE_HERMES = true;
			};
			name = Debug;
		};
		83CBBA211A601CBA00E9B192 /* Release */ = {
			isa = XCBuildConfiguration;
			buildSettings = {
				ALWAYS_SEARCH_USER_PATHS = NO;
				CLANG_ANALYZER_LOCALIZABILITY_NONLOCALIZED = YES;
				CLANG_CXX_LANGUAGE_STANDARD = "c++20";
				CLANG_CXX_LIBRARY = "libc++";
				CLANG_ENABLE_MODULES = YES;
				CLANG_ENABLE_OBJC_ARC = YES;
				CLANG_WARN_BLOCK_CAPTURE_AUTORELEASING = YES;
				CLANG_WARN_BOOL_CONVERSION = YES;
				CLANG_WARN_COMMA = YES;
				CLANG_WARN_CONSTANT_CONVERSION = YES;
				CLANG_WARN_DEPRECATED_OBJC_IMPLEMENTATIONS = YES;
				CLANG_WARN_DIRECT_OBJC_ISA_USAGE = YES_ERROR;
				CLANG_WARN_EMPTY_BODY = YES;
				CLANG_WARN_ENUM_CONVERSION = YES;
				CLANG_WARN_INFINITE_RECURSION = YES;
				CLANG_WARN_INT_CONVERSION = YES;
				CLANG_WARN_NON_LITERAL_NULL_CONVERSION = YES;
				CLANG_WARN_OBJC_IMPLICIT_RETAIN_SELF = YES;
				CLANG_WARN_OBJC_LITERAL_CONVERSION = YES;
				CLANG_WARN_OBJC_ROOT_CLASS = YES_ERROR;
				CLANG_WARN_QUOTED_INCLUDE_IN_FRAMEWORK_HEADER = YES;
				CLANG_WARN_RANGE_LOOP_ANALYSIS = YES;
				CLANG_WARN_STRICT_PROTOTYPES = YES;
				CLANG_WARN_SUSPICIOUS_MOVE = YES;
				CLANG_WARN_UNREACHABLE_CODE = YES;
				CLANG_WARN__DUPLICATE_METHOD_MATCH = YES;
				"CODE_SIGN_IDENTITY[sdk=iphoneos*]" = "iPhone Developer";
				COPY_PHASE_STRIP = YES;
				DEBUG_INFORMATION_FORMAT = "dwarf-with-dsym";
				ENABLE_NS_ASSERTIONS = NO;
				ENABLE_STRICT_OBJC_MSGSEND = YES;
				"EXCLUDED_ARCHS[sdk=iphonesimulator*]" = "";
				GCC_C_LANGUAGE_STANDARD = gnu99;
				GCC_NO_COMMON_BLOCKS = YES;
				GCC_WARN_64_TO_32_BIT_CONVERSION = YES;
				GCC_WARN_ABOUT_RETURN_TYPE = YES_ERROR;
				GCC_WARN_UNDECLARED_SELECTOR = YES;
				GCC_WARN_UNINITIALIZED_AUTOS = YES_AGGRESSIVE;
				GCC_WARN_UNUSED_FUNCTION = YES;
				GCC_WARN_UNUSED_VARIABLE = YES;
				IPHONEOS_DEPLOYMENT_TARGET = 15.1;
				LD_RUNPATH_SEARCH_PATHS = (
					/usr/lib/swift,
					"$(inherited)",
				);
				LIBRARY_SEARCH_PATHS = (
					"\"$(SDKROOT)/usr/lib/swift\"",
					"\"$(TOOLCHAIN_DIR)/usr/lib/swift/$(PLATFORM_NAME)\"",
					"\"$(inherited)\"",
				);
				MTL_ENABLE_DEBUG_INFO = NO;
				OTHER_CPLUSPLUSFLAGS = (
					"$(OTHER_CFLAGS)",
					"-DFOLLY_NO_CONFIG",
					"-DFOLLY_MOBILE=1",
					"-DFOLLY_USE_LIBCPP=1",
					"-DFOLLY_CFG_NO_COROUTINES=1",
					"-DFOLLY_HAVE_CLOCK_GETTIME=1",
				);
				OTHER_LDFLAGS = "$(inherited)  ";
				REACT_NATIVE_PATH = "${PODS_ROOT}/../../node_modules/react-native";
				SDKROOT = iphoneos;
				USE_HERMES = true;
				VALIDATE_PRODUCT = YES;
			};
			name = Release;
		};
/* End XCBuildConfiguration section */

/* Begin XCConfigurationList section */
		13B07F931A680F5B00A75B9A /* Build configuration list for PBXNativeTarget "siFia" */ = {
			isa = XCConfigurationList;
			buildConfigurations = (
				13B07F941A680F5B00A75B9A /* Debug */,
				13B07F951A680F5B00A75B9A /* Release */,
			);
			defaultConfigurationIsVisible = 0;
			defaultConfigurationName = Release;
		};
		83CBB9FA1A601CBA00E9B192 /* Build configuration list for PBXProject "siFia" */ = {
			isa = XCConfigurationList;
			buildConfigurations = (
				83CBBA201A601CBA00E9B192 /* Debug */,
				83CBBA211A601CBA00E9B192 /* Release */,
			);
			defaultConfigurationIsVisible = 0;
			defaultConfigurationName = Release;
		};
/* End XCConfigurationList section */
	};
	rootObject = 83CBB9F71A601CBA00E9B192 /* Project object */;
}
